
Microsoft Visual Studio Solution File, Format Version 12.00
# Visual Studio Version 16
VisualStudioVersion = 16.0.32802.440
MinimumVisualStudioVersion = 10.0.40219.1
Project("{FAE04EC0-301F-11D3-BF4B-00C04F79EFBC}") = "TraversalCoreProject", "TraversalCoreProject\TraversalCoreProject.csproj", "{6B15A83C-23F4-4620-85FE-992B090F1765}"
EndProject
Project("{FAE04EC0-301F-11D3-BF4B-00C04F79EFBC}") = "EntityLayer", "EntityLayer\EntityLayer.csproj", "{BE74D300-E381-4A37-B141-55E52D3C6706}"
EndProject
Project("{FAE04EC0-301F-11D3-BF4B-00C04F79EFBC}") = "DataAccessLayer", "DataAccessLayer\DataAccessLayer.csproj", "{48CE8E38-D2BF-4F44-9937-BF6345140DE3}"
EndProject
Project("{FAE04EC0-301F-11D3-BF4B-00C04F79EFBC}") = "BusinessLayer", "BusinessLayer\BusinessLayer.csproj", "{8FDDD926-3B54-45BE-8CC2-3466CEA5F952}"
EndProject
Global
	GlobalSection(SolutionConfigurationPlatforms) = preSolution
		Debug|Any CPU = Debug|Any CPU
		Release|Any CPU = Release|Any CPU
	EndGlobalSection
	GlobalSection(ProjectConfigurationPlatforms) = postSolution
		{6B15A83C-23F4-4620-85FE-992B090F1765}.Debug|Any CPU.ActiveCfg = Debug|Any CPU
		{6B15A83C-23F4-4620-85FE-992B090F1765}.Debug|Any CPU.Build.0 = Debug|Any CPU
		{6B15A83C-23F4-4620-85FE-992B090F1765}.Release|Any CPU.ActiveCfg = Release|Any CPU
		{6B15A83C-23F4-4620-85FE-992B090F1765}.Release|Any CPU.Build.0 = Release|Any CPU
		{BE74D300-E381-4A37-B141-55E52D3C6706}.Debug|Any CPU.ActiveCfg = Debug|Any CPU
		{BE74D300-E381-4A37-B141-55E52D3C6706}.Debug|Any CPU.Build.0 = Debug|Any CPU
		{BE74D300-E381-4A37-B141-55E52D3C6706}.Release|Any CPU.ActiveCfg = Release|Any CPU
		{BE74D300-E381-4A37-B141-55E52D3C6706}.Release|Any CPU.Build.0 = Release|Any CPU
		{48CE8E38-D2BF-4F44-9937-BF6345140DE3}.Debug|Any CPU.ActiveCfg = Debug|Any CPU
		{48CE8E38-D2BF-4F44-9937-BF6345140DE3}.Debug|Any CPU.Build.0 = Debug|Any CPU
		{48CE8E38-D2BF-4F44-9937-BF6345140DE3}.Release|Any CPU.ActiveCfg = Release|Any CPU
		{48CE8E38-D2BF-4F44-9937-BF6345140DE3}.Release|Any CPU.Build.0 = Release|Any CPU
		{8FDDD926-3B54-45BE-8CC2-3466CEA5F952}.Debug|Any CPU.ActiveCfg = Debug|Any CPU
		{8FDDD926-3B54-45BE-8CC2-3466CEA5F952}.Debug|Any CPU.Build.0 = Debug|Any CPU
		{8FDDD926-3B54-45BE-8CC2-3466CEA5F952}.Release|Any CPU.ActiveCfg = Release|Any CPU
		{8FDDD926-3B54-45BE-8CC2-3466CEA5F952}.Release|Any CPU.Build.0 = Release|Any CPU
	EndGlobalSection
	GlobalSection(SolutionProperties) = preSolution
		HideSolutionNode = FALSE
	EndGlobalSection
	GlobalSection(ExtensibilityGlobals) = postSolution
		SolutionGuid = {AE43387E-9FAC-451D-800A-9DC98052FC87}
	EndGlobalSection
EndGlobal
